
Microsoft Visual Studio Solution File, Format Version 12.00
# Visual Studio Version 17
VisualStudioVersion = 17.7.34009.444
MinimumVisualStudioVersion = 10.0.40219.1
Project("{9A19103F-16F7-4668-BE54-9A1E7A4F7556}") = "MassTransitConsumer", "MassTransitConsumer\MassTransitConsumer.csproj", "{DFC2541A-7C22-472D-A4AA-590404F754F4}"
EndProject
Project("{9A19103F-16F7-4668-BE54-9A1E7A4F7556}") = "MassTransitContract", "MassTransitContract\MassTransitContract.csproj", "{00AC60CA-152B-4875-AAAC-747750D1074A}"
EndProject
Project("{9A19103F-16F7-4668-BE54-9A1E7A4F7556}") = "MassTransitProducer", "MassTransitProducer\MassTransitProducer.csproj", "{EEC8CF53-2C35-45E6-BD38-D91E19F54CAE}"
EndProject
Global
	GlobalSection(SolutionConfigurationPlatforms) = preSolution
		Debug|Any CPU = Debug|Any CPU
		Release|Any CPU = Release|Any CPU
	EndGlobalSection
	GlobalSection(ProjectConfigurationPlatforms) = postSolution
		{DFC2541A-7C22-472D-A4AA-590404F754F4}.Debug|Any CPU.ActiveCfg = Debug|Any CPU
		{DFC2541A-7C22-472D-A4AA-590404F754F4}.Debug|Any CPU.Build.0 = Debug|Any CPU
		{DFC2541A-7C22-472D-A4AA-590404F754F4}.Release|Any CPU.ActiveCfg = Release|Any CPU
		{DFC2541A-7C22-472D-A4AA-590404F754F4}.Release|Any CPU.Build.0 = Release|Any CPU
		{00AC60CA-152B-4875-AAAC-747750D1074A}.Debug|Any CPU.ActiveCfg = Debug|Any CPU
		{00AC60CA-152B-4875-AAAC-747750D1074A}.Debug|Any CPU.Build.0 = Debug|Any CPU
		{00AC60CA-152B-4875-AAAC-747750D1074A}.Release|Any CPU.ActiveCfg = Release|Any CPU
		{00AC60CA-152B-4875-AAAC-747750D1074A}.Release|Any CPU.Build.0 = Release|Any CPU
		{EEC8CF53-2C35-45E6-BD38-D91E19F54CAE}.Debug|Any CPU.ActiveCfg = Debug|Any CPU
		{EEC8CF53-2C35-45E6-BD38-D91E19F54CAE}.Debug|Any CPU.Build.0 = Debug|Any CPU
		{EEC8CF53-2C35-45E6-BD38-D91E19F54CAE}.Release|Any CPU.ActiveCfg = Release|Any CPU
		{EEC8CF53-2C35-45E6-BD38-D91E19F54CAE}.Release|Any CPU.Build.0 = Release|Any CPU
	EndGlobalSection
	GlobalSection(SolutionProperties) = preSolution
		HideSolutionNode = FALSE
	EndGlobalSection
	GlobalSection(ExtensibilityGlobals) = postSolution
		SolutionGuid = {4CB9AE03-8997-444C-B87F-A6617781B244}
	EndGlobalSection
EndGlobal
